
Microsoft Visual Studio Solution File, Format Version 12.00
# Visual Studio Version 18
VisualStudioVersion = 18.1.11312.151 d18.0
MinimumVisualStudioVersion = 10.0.40219.1
Project("{FAE04EC0-301F-11D3-BF4B-00C04F79EFBC}") = "HRImportData", "HRImportData\HRImportData.csproj", "{B7663739-F6C4-4BBF-A882-FD2CB65C6DE2}"
EndProject
Project("{FAE04EC0-301F-11D3-BF4B-00C04F79EFBC}") = "Helpers", "Helpers\Helpers.csproj", "{4D515CB1-F7F1-411D-89E7-41088E386393}"
EndProject
Project("{FAE04EC0-301F-11D3-BF4B-00C04F79EFBC}") = "AttendanceAccessToOracle", "AttendanceAccessToOracle\AttendanceAccessToOracle.csproj", "{1EEA705A-0A25-450E-93CF-FC7624C48EF7}"
EndProject
Project("{FAE04EC0-301F-11D3-BF4B-00C04F79EFBC}") = "AttendanceSQLServerToOracle", "AttendanceSQLServerToOracle\AttendanceSQLServerToOracle.csproj", "{0A1C004F-7346-6471-D830-7510A71D2B44}"
EndProject
Project("{FAE04EC0-301F-11D3-BF4B-00C04F79EFBC}") = "HelpersNetFramework", "HelpersNetFramework\HelpersNetFramework.csproj", "{6B104F8E-A7A2-4731-B627-3BDD97EF8B9F}"
EndProject
Project("{FAE04EC0-301F-11D3-BF4B-00C04F79EFBC}") = "UnionApp", "UnionApp\UnionApp.csproj", "{885F2EC1-1203-4CA5-B5D5-806C4CEEAED0}"
EndProject
Project("{FAE04EC0-301F-11D3-BF4B-00C04F79EFBC}") = "AttendanceMariaDBToOracle", "AttendanceMariaDBToOracle\AttendanceMariaDBToOracle.csproj", "{93646F3D-A001-4EAF-AB90-D66D43254411}"
EndProject
Project("{FAE04EC0-301F-11D3-BF4B-00C04F79EFBC}") = "SyncTableOracle", "SyncTableOracle\SyncTableOracle.csproj", "{6924342A-C554-4BEA-9293-81B56B82CCFE}"
EndProject
Project("{FAE04EC0-301F-11D3-BF4B-00C04F79EFBC}") = "SyncDataOracle", "SyncDataOracle\SyncDataOracle.csproj", "{67F729FE-B289-45BA-BB9E-765A56BFC91B}"
EndProject
Project("{FAE04EC0-301F-11D3-BF4B-00C04F79EFBC}") = "SyncDataSqlToWebApi", "SyncDataSqlToWebApi\SyncDataSqlToWebApi.csproj", "{12E59C57-F6BD-FF22-820B-76639086B72C}"
EndProject
Global
	GlobalSection(SolutionConfigurationPlatforms) = preSolution
		Debug|Any CPU = Debug|Any CPU
		Debug|x64 = Debug|x64
		Debug|x86 = Debug|x86
		Release|Any CPU = Release|Any CPU
		Release|x64 = Release|x64
		Release|x86 = Release|x86
	EndGlobalSection
	GlobalSection(ProjectConfigurationPlatforms) = postSolution
		{B7663739-F6C4-4BBF-A882-FD2CB65C6DE2}.Debug|Any CPU.ActiveCfg = Debug|Any CPU
		{B7663739-F6C4-4BBF-A882-FD2CB65C6DE2}.Debug|Any CPU.Build.0 = Debug|Any CPU
		{B7663739-F6C4-4BBF-A882-FD2CB65C6DE2}.Debug|x64.ActiveCfg = Debug|Any CPU
		{B7663739-F6C4-4BBF-A882-FD2CB65C6DE2}.Debug|x64.Build.0 = Debug|Any CPU
		{B7663739-F6C4-4BBF-A882-FD2CB65C6DE2}.Debug|x86.ActiveCfg = Debug|Any CPU
		{B7663739-F6C4-4BBF-A882-FD2CB65C6DE2}.Debug|x86.Build.0 = Debug|Any CPU
		{B7663739-F6C4-4BBF-A882-FD2CB65C6DE2}.Release|Any CPU.ActiveCfg = Release|Any CPU
		{B7663739-F6C4-4BBF-A882-FD2CB65C6DE2}.Release|Any CPU.Build.0 = Release|Any CPU
		{B7663739-F6C4-4BBF-A882-FD2CB65C6DE2}.Release|x64.ActiveCfg = Release|Any CPU
		{B7663739-F6C4-4BBF-A882-FD2CB65C6DE2}.Release|x64.Build.0 = Release|Any CPU
		{B7663739-F6C4-4BBF-A882-FD2CB65C6DE2}.Release|x86.ActiveCfg = Release|Any CPU
		{B7663739-F6C4-4BBF-A882-FD2CB65C6DE2}.Release|x86.Build.0 = Release|Any CPU
		{4D515CB1-F7F1-411D-89E7-41088E386393}.Debug|Any CPU.ActiveCfg = Debug|Any CPU
		{4D515CB1-F7F1-411D-89E7-41088E386393}.Debug|Any CPU.Build.0 = Debug|Any CPU
		{4D515CB1-F7F1-411D-89E7-41088E386393}.Debug|x64.ActiveCfg = Debug|Any CPU
		{4D515CB1-F7F1-411D-89E7-41088E386393}.Debug|x64.Build.0 = Debug|Any CPU
		{4D515CB1-F7F1-411D-89E7-41088E386393}.Debug|x86.ActiveCfg = Debug|Any CPU
		{4D515CB1-F7F1-411D-89E7-41088E386393}.Debug|x86.Build.0 = Debug|Any CPU
		{4D515CB1-F7F1-411D-89E7-41088E386393}.Release|Any CPU.ActiveCfg = Release|Any CPU
		{4D515CB1-F7F1-411D-89E7-41088E386393}.Release|Any CPU.Build.0 = Release|Any CPU
		{4D515CB1-F7F1-411D-89E7-41088E386393}.Release|x64.ActiveCfg = Release|Any CPU
		{4D515CB1-F7F1-411D-89E7-41088E386393}.Release|x64.Build.0 = Release|Any CPU
		{4D515CB1-F7F1-411D-89E7-41088E386393}.Release|x86.ActiveCfg = Release|Any CPU
		{4D515CB1-F7F1-411D-89E7-41088E386393}.Release|x86.Build.0 = Release|Any CPU
		{1EEA705A-0A25-450E-93CF-FC7624C48EF7}.Debug|Any CPU.ActiveCfg = Debug|Any CPU
		{1EEA705A-0A25-450E-93CF-FC7624C48EF7}.Debug|Any CPU.Build.0 = Debug|Any CPU
		{1EEA705A-0A25-450E-93CF-FC7624C48EF7}.Debug|x64.ActiveCfg = Debug|Any CPU
		{1EEA705A-0A25-450E-93CF-FC7624C48EF7}.Debug|x64.Build.0 = Debug|Any CPU
		{1EEA705A-0A25-450E-93CF-FC7624C48EF7}.Debug|x86.ActiveCfg = Debug|Any CPU
		{1EEA705A-0A25-450E-93CF-FC7624C48EF7}.Debug|x86.Build.0 = Debug|Any CPU
		{1EEA705A-0A25-450E-93CF-FC7624C48EF7}.Release|Any CPU.ActiveCfg = Release|Any CPU
		{1EEA705A-0A25-450E-93CF-FC7624C48EF7}.Release|Any CPU.Build.0 = Release|Any CPU
		{1EEA705A-0A25-450E-93CF-FC7624C48EF7}.Release|x64.ActiveCfg = Release|Any CPU
		{1EEA705A-0A25-450E-93CF-FC7624C48EF7}.Release|x64.Build.0 = Release|Any CPU
		{1EEA705A-0A25-450E-93CF-FC7624C48EF7}.Release|x86.ActiveCfg = Release|Any CPU
		{1EEA705A-0A25-450E-93CF-FC7624C48EF7}.Release|x86.Build.0 = Release|Any CPU
		{0A1C004F-7346-6471-D830-7510A71D2B44}.Debug|Any CPU.ActiveCfg = Debug|Any CPU
		{0A1C004F-7346-6471-D830-7510A71D2B44}.Debug|Any CPU.Build.0 = Debug|Any CPU
		{0A1C004F-7346-6471-D830-7510A71D2B44}.Debug|x64.ActiveCfg = Debug|Any CPU
		{0A1C004F-7346-6471-D830-7510A71D2B44}.Debug|x64.Build.0 = Debug|Any CPU
		{0A1C004F-7346-6471-D830-7510A71D2B44}.Debug|x86.ActiveCfg = Debug|Any CPU
		{0A1C004F-7346-6471-D830-7510A71D2B44}.Debug|x86.Build.0 = Debug|Any CPU
		{0A1C004F-7346-6471-D830-7510A71D2B44}.Release|Any CPU.ActiveCfg = Release|Any CPU
		{0A1C004F-7346-6471-D830-7510A71D2B44}.Release|Any CPU.Build.0 = Release|Any CPU
		{0A1C004F-7346-6471-D830-7510A71D2B44}.Release|x64.ActiveCfg = Release|Any CPU
		{0A1C004F-7346-6471-D830-7510A71D2B44}.Release|x64.Build.0 = Release|Any CPU
		{0A1C004F-7346-6471-D830-7510A71D2B44}.Release|x86.ActiveCfg = Release|Any CPU
		{0A1C004F-7346-6471-D830-7510A71D2B44}.Release|x86.Build.0 = Release|Any CPU
		{6B104F8E-A7A2-4731-B627-3BDD97EF8B9F}.Debug|Any CPU.ActiveCfg = Debug|Any CPU
		{6B104F8E-A7A2-4731-B627-3BDD97EF8B9F}.Debug|Any CPU.Build.0 = Debug|Any CPU
		{6B104F8E-A7A2-4731-B627-3BDD97EF8B9F}.Debug|x64.ActiveCfg = Debug|Any CPU
		{6B104F8E-A7A2-4731-B627-3BDD97EF8B9F}.Debug|x64.Build.0 = Debug|Any CPU
		{6B104F8E-A7A2-4731-B627-3BDD97EF8B9F}.Debug|x86.ActiveCfg = Debug|Any CPU
		{6B104F8E-A7A2-4731-B627-3BDD97EF8B9F}.Debug|x86.Build.0 = Debug|Any CPU
		{6B104F8E-A7A2-4731-B627-3BDD97EF8B9F}.Release|Any CPU.ActiveCfg = Release|Any CPU
		{6B104F8E-A7A2-4731-B627-3BDD97EF8B9F}.Release|Any CPU.Build.0 = Release|Any CPU
		{6B104F8E-A7A2-4731-B627-3BDD97EF8B9F}.Release|x64.ActiveCfg = Release|Any CPU
		{6B104F8E-A7A2-4731-B627-3BDD97EF8B9F}.Release|x64.Build.0 = Release|Any CPU
		{6B104F8E-A7A2-4731-B627-3BDD97EF8B9F}.Release|x86.ActiveCfg = Release|Any CPU
		{6B104F8E-A7A2-4731-B627-3BDD97EF8B9F}.Release|x86.Build.0 = Release|Any CPU
		{885F2EC1-1203-4CA5-B5D5-806C4CEEAED0}.Debug|Any CPU.ActiveCfg = Debug|Any CPU
		{885F2EC1-1203-4CA5-B5D5-806C4CEEAED0}.Debug|Any CPU.Build.0 = Debug|Any CPU
		{885F2EC1-1203-4CA5-B5D5-806C4CEEAED0}.Debug|x64.ActiveCfg = Debug|Any CPU
		{885F2EC1-1203-4CA5-B5D5-806C4CEEAED0}.Debug|x64.Build.0 = Debug|Any CPU
		{885F2EC1-1203-4CA5-B5D5-806C4CEEAED0}.Debug|x86.ActiveCfg = Debug|Any CPU
		{885F2EC1-1203-4CA5-B5D5-806C4CEEAED0}.Debug|x86.Build.0 = Debug|Any CPU
		{885F2EC1-1203-4CA5-B5D5-806C4CEEAED0}.Release|Any CPU.ActiveCfg = Release|Any CPU
		{885F2EC1-1203-4CA5-B5D5-806C4CEEAED0}.Release|Any CPU.Build.0 = Release|Any CPU
		{885F2EC1-1203-4CA5-B5D5-806C4CEEAED0}.Release|x64.ActiveCfg = Release|Any CPU
		{885F2EC1-1203-4CA5-B5D5-806C4CEEAED0}.Release|x64.Build.0 = Release|Any CPU
		{885F2EC1-1203-4CA5-B5D5-806C4CEEAED0}.Release|x86.ActiveCfg = Release|Any CPU
		{885F2EC1-1203-4CA5-B5D5-806C4CEEAED0}.Release|x86.Build.0 = Release|Any CPU
		{93646F3D-A001-4EAF-AB90-D66D43254411}.Debug|Any CPU.ActiveCfg = Debug|Any CPU
		{93646F3D-A001-4EAF-AB90-D66D43254411}.Debug|Any CPU.Build.0 = Debug|Any CPU
		{93646F3D-A001-4EAF-AB90-D66D43254411}.Debug|x64.ActiveCfg = Debug|Any CPU
		{93646F3D-A001-4EAF-AB90-D66D43254411}.Debug|x64.Build.0 = Debug|Any CPU
		{93646F3D-A001-4EAF-AB90-D66D43254411}.Debug|x86.ActiveCfg = Debug|Any CPU
		{93646F3D-A001-4EAF-AB90-D66D43254411}.Debug|x86.Build.0 = Debug|Any CPU
		{93646F3D-A001-4EAF-AB90-D66D43254411}.Release|Any CPU.ActiveCfg = Release|Any CPU
		{93646F3D-A001-4EAF-AB90-D66D43254411}.Release|Any CPU.Build.0 = Release|Any CPU
		{93646F3D-A001-4EAF-AB90-D66D43254411}.Release|x64.ActiveCfg = Release|Any CPU
		{93646F3D-A001-4EAF-AB90-D66D43254411}.Release|x64.Build.0 = Release|Any CPU
		{93646F3D-A001-4EAF-AB90-D66D43254411}.Release|x86.ActiveCfg = Release|Any CPU
		{93646F3D-A001-4EAF-AB90-D66D43254411}.Release|x86.Build.0 = Release|Any CPU
		{6924342A-C554-4BEA-9293-81B56B82CCFE}.Debug|Any CPU.ActiveCfg = Debug|Any CPU
		{6924342A-C554-4BEA-9293-81B56B82CCFE}.Debug|Any CPU.Build.0 = Debug|Any CPU
		{6924342A-C554-4BEA-9293-81B56B82CCFE}.Debug|x64.ActiveCfg = Debug|Any CPU
		{6924342A-C554-4BEA-9293-81B56B82CCFE}.Debug|x64.Build.0 = Debug|Any CPU
		{6924342A-C554-4BEA-9293-81B56B82CCFE}.Debug|x86.ActiveCfg = Debug|Any CPU
		{6924342A-C554-4BEA-9293-81B56B82CCFE}.Debug|x86.Build.0 = Debug|Any CPU
		{6924342A-C554-4BEA-9293-81B56B82CCFE}.Release|Any CPU.ActiveCfg = Release|Any CPU
		{6924342A-C554-4BEA-9293-81B56B82CCFE}.Release|Any CPU.Build.0 = Release|Any CPU
		{6924342A-C554-4BEA-9293-81B56B82CCFE}.Release|x64.ActiveCfg = Release|Any CPU
		{6924342A-C554-4BEA-9293-81B56B82CCFE}.Release|x64.Build.0 = Release|Any CPU
		{6924342A-C554-4BEA-9293-81B56B82CCFE}.Release|x86.ActiveCfg = Release|Any CPU
		{6924342A-C554-4BEA-9293-81B56B82CCFE}.Release|x86.Build.0 = Release|Any CPU
		{67F729FE-B289-45BA-BB9E-765A56BFC91B}.Debug|Any CPU.ActiveCfg = Debug|Any CPU
		{67F729FE-B289-45BA-BB9E-765A56BFC91B}.Debug|Any CPU.Build.0 = Debug|Any CPU
		{67F729FE-B289-45BA-BB9E-765A56BFC91B}.Debug|x64.ActiveCfg = Debug|Any CPU
		{67F729FE-B289-45BA-BB9E-765A56BFC91B}.Debug|x64.Build.0 = Debug|Any CPU
		{67F729FE-B289-45BA-BB9E-765A56BFC91B}.Debug|x86.ActiveCfg = Debug|Any CPU
		{67F729FE-B289-45BA-BB9E-765A56BFC91B}.Debug|x86.Build.0 = Debug|Any CPU
		{67F729FE-B289-45BA-BB9E-765A56BFC91B}.Release|Any CPU.ActiveCfg = Release|Any CPU
		{67F729FE-B289-45BA-BB9E-765A56BFC91B}.Release|Any CPU.Build.0 = Release|Any CPU
		{67F729FE-B289-45BA-BB9E-765A56BFC91B}.Release|x64.ActiveCfg = Release|Any CPU
		{67F729FE-B289-45BA-BB9E-765A56BFC91B}.Release|x64.Build.0 = Release|Any CPU
		{67F729FE-B289-45BA-BB9E-765A56BFC91B}.Release|x86.ActiveCfg = Release|Any CPU
		{67F729FE-B289-45BA-BB9E-765A56BFC91B}.Release|x86.Build.0 = Release|Any CPU
		{12E59C57-F6BD-FF22-820B-76639086B72C}.Debug|Any CPU.ActiveCfg = Debug|Any CPU
		{12E59C57-F6BD-FF22-820B-76639086B72C}.Debug|Any CPU.Build.0 = Debug|Any CPU
		{12E59C57-F6BD-FF22-820B-76639086B72C}.Debug|x64.ActiveCfg = Debug|Any CPU
		{12E59C57-F6BD-FF22-820B-76639086B72C}.Debug|x64.Build.0 = Debug|Any CPU
		{12E59C57-F6BD-FF22-820B-76639086B72C}.Debug|x86.ActiveCfg = Debug|Any CPU
		{12E59C57-F6BD-FF22-820B-76639086B72C}.Debug|x86.Build.0 = Debug|Any CPU
		{12E59C57-F6BD-FF22-820B-76639086B72C}.Release|Any CPU.ActiveCfg = Release|Any CPU
		{12E59C57-F6BD-FF22-820B-76639086B72C}.Release|Any CPU.Build.0 = Release|Any CPU
		{12E59C57-F6BD-FF22-820B-76639086B72C}.Release|x64.ActiveCfg = Release|Any CPU
		{12E59C57-F6BD-FF22-820B-76639086B72C}.Release|x64.Build.0 = Release|Any CPU
		{12E59C57-F6BD-FF22-820B-76639086B72C}.Release|x86.ActiveCfg = Release|Any CPU
		{12E59C57-F6BD-FF22-820B-76639086B72C}.Release|x86.Build.0 = Release|Any CPU
	EndGlobalSection
	GlobalSection(SolutionProperties) = preSolution
		HideSolutionNode = FALSE
	EndGlobalSection
	GlobalSection(ExtensibilityGlobals) = postSolution
		SolutionGuid = {AFBE9353-4127-4F2C-94F4-864CA9F6BCB2}
	EndGlobalSection
EndGlobal
