
Microsoft Visual Studio Solution File, Format Version 12.00
# Visual Studio Version 17
VisualStudioVersion = 17.9.34622.214
MinimumVisualStudioVersion = 10.0.40219.1
Project("{FAE04EC0-301F-11D3-BF4B-00C04F79EFBC}") = "HRImportData", "HRImportData\HRImportData.csproj", "{B7663739-F6C4-4BBF-A882-FD2CB65C6DE2}"
EndProject
Project("{FAE04EC0-301F-11D3-BF4B-00C04F79EFBC}") = "Helpers", "Helpers\Helpers.csproj", "{4D515CB1-F7F1-411D-89E7-41088E386393}"
EndProject
Project("{FAE04EC0-301F-11D3-BF4B-00C04F79EFBC}") = "AttendanceAccessToOracle", "AttendanceAccessToOracle\AttendanceAccessToOracle.csproj", "{1EEA705A-0A25-450E-93CF-FC7624C48EF7}"
EndProject
Project("{FAE04EC0-301F-11D3-BF4B-00C04F79EFBC}") = "AttendanceSQLServerToOracle", "AttendanceSQLServerToOracle\AttendanceSQLServerToOracle.csproj", "{0A1C004F-7346-6471-D830-7510A71D2B44}"
EndProject
Project("{FAE04EC0-301F-11D3-BF4B-00C04F79EFBC}") = "HelpersNetFramework", "HelpersNetFramework\HelpersNetFramework.csproj", "{6B104F8E-A7A2-4731-B627-3BDD97EF8B9F}"
EndProject
Project("{FAE04EC0-301F-11D3-BF4B-00C04F79EFBC}") = "UnionApp", "UnionApp\UnionApp.csproj", "{885F2EC1-1203-4CA5-B5D5-806C4CEEAED0}"
EndProject
Global
	GlobalSection(SolutionConfigurationPlatforms) = preSolution
		Debug|Any CPU = Debug|Any CPU
		Release|Any CPU = Release|Any CPU
	EndGlobalSection
	GlobalSection(ProjectConfigurationPlatforms) = postSolution
		{B7663739-F6C4-4BBF-A882-FD2CB65C6DE2}.Debug|Any CPU.ActiveCfg = Debug|Any CPU
		{B7663739-F6C4-4BBF-A882-FD2CB65C6DE2}.Debug|Any CPU.Build.0 = Debug|Any CPU
		{B7663739-F6C4-4BBF-A882-FD2CB65C6DE2}.Release|Any CPU.ActiveCfg = Release|Any CPU
		{B7663739-F6C4-4BBF-A882-FD2CB65C6DE2}.Release|Any CPU.Build.0 = Release|Any CPU
		{4D515CB1-F7F1-411D-89E7-41088E386393}.Debug|Any CPU.ActiveCfg = Debug|Any CPU
		{4D515CB1-F7F1-411D-89E7-41088E386393}.Debug|Any CPU.Build.0 = Debug|Any CPU
		{4D515CB1-F7F1-411D-89E7-41088E386393}.Release|Any CPU.ActiveCfg = Release|Any CPU
		{4D515CB1-F7F1-411D-89E7-41088E386393}.Release|Any CPU.Build.0 = Release|Any CPU
		{1EEA705A-0A25-450E-93CF-FC7624C48EF7}.Debug|Any CPU.ActiveCfg = Debug|Any CPU
		{1EEA705A-0A25-450E-93CF-FC7624C48EF7}.Debug|Any CPU.Build.0 = Debug|Any CPU
		{1EEA705A-0A25-450E-93CF-FC7624C48EF7}.Release|Any CPU.ActiveCfg = Release|Any CPU
		{1EEA705A-0A25-450E-93CF-FC7624C48EF7}.Release|Any CPU.Build.0 = Release|Any CPU
		{0A1C004F-7346-6471-D830-7510A71D2B44}.Debug|Any CPU.ActiveCfg = Debug|Any CPU
		{0A1C004F-7346-6471-D830-7510A71D2B44}.Debug|Any CPU.Build.0 = Debug|Any CPU
		{0A1C004F-7346-6471-D830-7510A71D2B44}.Release|Any CPU.ActiveCfg = Release|Any CPU
		{0A1C004F-7346-6471-D830-7510A71D2B44}.Release|Any CPU.Build.0 = Release|Any CPU
		{6B104F8E-A7A2-4731-B627-3BDD97EF8B9F}.Debug|Any CPU.ActiveCfg = Debug|Any CPU
		{6B104F8E-A7A2-4731-B627-3BDD97EF8B9F}.Debug|Any CPU.Build.0 = Debug|Any CPU
		{6B104F8E-A7A2-4731-B627-3BDD97EF8B9F}.Release|Any CPU.ActiveCfg = Release|Any CPU
		{6B104F8E-A7A2-4731-B627-3BDD97EF8B9F}.Release|Any CPU.Build.0 = Release|Any CPU
		{885F2EC1-1203-4CA5-B5D5-806C4CEEAED0}.Debug|Any CPU.ActiveCfg = Debug|Any CPU
		{885F2EC1-1203-4CA5-B5D5-806C4CEEAED0}.Debug|Any CPU.Build.0 = Debug|Any CPU
		{885F2EC1-1203-4CA5-B5D5-806C4CEEAED0}.Release|Any CPU.ActiveCfg = Release|Any CPU
		{885F2EC1-1203-4CA5-B5D5-806C4CEEAED0}.Release|Any CPU.Build.0 = Release|Any CPU
	EndGlobalSection
	GlobalSection(SolutionProperties) = preSolution
		HideSolutionNode = FALSE
	EndGlobalSection
	GlobalSection(ExtensibilityGlobals) = postSolution
		SolutionGuid = {AFBE9353-4127-4F2C-94F4-864CA9F6BCB2}
	EndGlobalSection
EndGlobal
